
Microsoft Visual Studio Solution File, Format Version 12.00
# Visual Studio Version 17
VisualStudioVersion = 17.10.35013.160
MinimumVisualStudioVersion = 10.0.40219.1
Project("{FAE04EC0-301F-11D3-BF4B-00C04F79EFBC}") = "DataAccessLayer", "DataAccessLayer\DataAccessLayer.csproj", "{117E4087-E56D-4F9B-8422-4FA492935191}"
EndProject
Project("{FAE04EC0-301F-11D3-BF4B-00C04F79EFBC}") = "BusinessLogicLayer", "BusinessLogicLayer\BusinessLogicLayer.csproj", "{11C1D84E-CBF4-4351-8295-3A1F9EB0361D}"
EndProject
Project("{FAE04EC0-301F-11D3-BF4B-00C04F79EFBC}") = "PresentationLayer", "PresentationLayer\PresentationLayer.csproj", "{B3282F1E-C890-4A49-8ED9-25A0DD886E62}"
EndProject
Global
	GlobalSection(SolutionConfigurationPlatforms) = preSolution
		Debug|Any CPU = Debug|Any CPU
		Release|Any CPU = Release|Any CPU
	EndGlobalSection
	GlobalSection(ProjectConfigurationPlatforms) = postSolution
		{117E4087-E56D-4F9B-8422-4FA492935191}.Debug|Any CPU.ActiveCfg = Debug|Any CPU
		{117E4087-E56D-4F9B-8422-4FA492935191}.Debug|Any CPU.Build.0 = Debug|Any CPU
		{117E4087-E56D-4F9B-8422-4FA492935191}.Release|Any CPU.ActiveCfg = Release|Any CPU
		{117E4087-E56D-4F9B-8422-4FA492935191}.Release|Any CPU.Build.0 = Release|Any CPU
		{11C1D84E-CBF4-4351-8295-3A1F9EB0361D}.Debug|Any CPU.ActiveCfg = Debug|Any CPU
		{11C1D84E-CBF4-4351-8295-3A1F9EB0361D}.Debug|Any CPU.Build.0 = Debug|Any CPU
		{11C1D84E-CBF4-4351-8295-3A1F9EB0361D}.Release|Any CPU.ActiveCfg = Release|Any CPU
		{11C1D84E-CBF4-4351-8295-3A1F9EB0361D}.Release|Any CPU.Build.0 = Release|Any CPU
		{B3282F1E-C890-4A49-8ED9-25A0DD886E62}.Debug|Any CPU.ActiveCfg = Debug|Any CPU
		{B3282F1E-C890-4A49-8ED9-25A0DD886E62}.Debug|Any CPU.Build.0 = Debug|Any CPU
		{B3282F1E-C890-4A49-8ED9-25A0DD886E62}.Release|Any CPU.ActiveCfg = Release|Any CPU
		{B3282F1E-C890-4A49-8ED9-25A0DD886E62}.Release|Any CPU.Build.0 = Release|Any CPU
	EndGlobalSection
	GlobalSection(SolutionProperties) = preSolution
		HideSolutionNode = FALSE
	EndGlobalSection
	GlobalSection(ExtensibilityGlobals) = postSolution
		SolutionGuid = {51DFAECD-E28C-46D9-B7E8-5BED25934993}
	EndGlobalSection
EndGlobal
